
Microsoft Visual Studio Solution File, Format Version 12.00
# Visual Studio Version 16
VisualStudioVersion = 16.0.34902.97
MinimumVisualStudioVersion = 10.0.40219.1
Project("{9A19103F-16F7-4668-BE54-9A1E7A4F7556}") = "AuthService.MVC", "AuthService.MVC\AuthService.MVC.csproj", "{DA99F012-090D-46B4-A353-489D586EE3A1}"
EndProject
Project("{FAE04EC0-301F-11D3-BF4B-00C04F79EFBC}") = "ApiGateway", "ApiGateway\ApiGateway.csproj", "{992BD689-7684-487D-A90E-F3D0F7C63898}"
EndProject
Project("{FAE04EC0-301F-11D3-BF4B-00C04F79EFBC}") = "ProductService", "ProductService\ProductService.csproj", "{834A4AE9-40B7-44A3-B79F-D7F562E27407}"
EndProject
Global
	GlobalSection(SolutionConfigurationPlatforms) = preSolution
		Debug|Any CPU = Debug|Any CPU
		Release|Any CPU = Release|Any CPU
	EndGlobalSection
	GlobalSection(ProjectConfigurationPlatforms) = postSolution
		{DA99F012-090D-46B4-A353-489D586EE3A1}.Debug|Any CPU.ActiveCfg = Debug|Any CPU
		{DA99F012-090D-46B4-A353-489D586EE3A1}.Debug|Any CPU.Build.0 = Debug|Any CPU
		{DA99F012-090D-46B4-A353-489D586EE3A1}.Release|Any CPU.ActiveCfg = Release|Any CPU
		{DA99F012-090D-46B4-A353-489D586EE3A1}.Release|Any CPU.Build.0 = Release|Any CPU
		{992BD689-7684-487D-A90E-F3D0F7C63898}.Debug|Any CPU.ActiveCfg = Debug|Any CPU
		{992BD689-7684-487D-A90E-F3D0F7C63898}.Debug|Any CPU.Build.0 = Debug|Any CPU
		{992BD689-7684-487D-A90E-F3D0F7C63898}.Release|Any CPU.ActiveCfg = Release|Any CPU
		{992BD689-7684-487D-A90E-F3D0F7C63898}.Release|Any CPU.Build.0 = Release|Any CPU
		{834A4AE9-40B7-44A3-B79F-D7F562E27407}.Debug|Any CPU.ActiveCfg = Debug|Any CPU
		{834A4AE9-40B7-44A3-B79F-D7F562E27407}.Debug|Any CPU.Build.0 = Debug|Any CPU
		{834A4AE9-40B7-44A3-B79F-D7F562E27407}.Release|Any CPU.ActiveCfg = Release|Any CPU
		{834A4AE9-40B7-44A3-B79F-D7F562E27407}.Release|Any CPU.Build.0 = Release|Any CPU
	EndGlobalSection
	GlobalSection(SolutionProperties) = preSolution
		HideSolutionNode = FALSE
	EndGlobalSection
	GlobalSection(ExtensibilityGlobals) = postSolution
		SolutionGuid = {DE15A850-EDB3-4D7A-A8F0-836E0DDE94C2}
	EndGlobalSection
EndGlobal
