
Microsoft Visual Studio Solution File, Format Version 12.00
# Visual Studio Version 17
VisualStudioVersion = 17.9.34723.18
MinimumVisualStudioVersion = 10.0.40219.1
Project("{9A19103F-16F7-4668-BE54-9A1E7A4F7556}") = "AuthService.MVC", "AuthService.MVC\AuthService.MVC.csproj", "{DA99F012-090D-46B4-A353-489D586EE3A1}"
EndProject
Project("{9A19103F-16F7-4668-BE54-9A1E7A4F7556}") = "ApiGateway", "ApiGateway\ApiGateway.csproj", "{992BD689-7684-487D-A90E-F3D0F7C63898}"
EndProject
Project("{9A19103F-16F7-4668-BE54-9A1E7A4F7556}") = "ProductService", "ProductService\ProductService.csproj", "{834A4AE9-40B7-44A3-B79F-D7F562E27407}"
EndProject
Project("{9A19103F-16F7-4668-BE54-9A1E7A4F7556}") = "BlogService", "BlogService\BlogService.csproj", "{D390F536-9A1D-4A72-A56F-17A0F179E0FA}"
EndProject
Project("{9A19103F-16F7-4668-BE54-9A1E7A4F7556}") = "CartService", "CartService\CartService.csproj", "{74207A85-06E9-4978-A9FF-227C3A07C57E}"
EndProject
Project("{9A19103F-16F7-4668-BE54-9A1E7A4F7556}") = "IdentityService", "IdentityService\IdentityService.csproj", "{489C3D1A-7A53-49B9-8A76-61226E897E83}"
EndProject
Project("{9A19103F-16F7-4668-BE54-9A1E7A4F7556}") = "InventoryService", "InventoryService\InventoryService.csproj", "{B025AD38-9A56-40A7-AB48-F91448625190}"
EndProject
Project("{9A19103F-16F7-4668-BE54-9A1E7A4F7556}") = "OrderService", "OrderService\OrderService.csproj", "{F837BDE2-6955-4C1D-A1E0-C3C63E00A2D4}"
EndProject
Global
	GlobalSection(SolutionConfigurationPlatforms) = preSolution
		Debug|Any CPU = Debug|Any CPU
		Release|Any CPU = Release|Any CPU
	EndGlobalSection
	GlobalSection(ProjectConfigurationPlatforms) = postSolution
		{DA99F012-090D-46B4-A353-489D586EE3A1}.Debug|Any CPU.ActiveCfg = Debug|Any CPU
		{DA99F012-090D-46B4-A353-489D586EE3A1}.Debug|Any CPU.Build.0 = Debug|Any CPU
		{DA99F012-090D-46B4-A353-489D586EE3A1}.Release|Any CPU.ActiveCfg = Release|Any CPU
		{DA99F012-090D-46B4-A353-489D586EE3A1}.Release|Any CPU.Build.0 = Release|Any CPU
		{992BD689-7684-487D-A90E-F3D0F7C63898}.Debug|Any CPU.ActiveCfg = Debug|Any CPU
		{992BD689-7684-487D-A90E-F3D0F7C63898}.Debug|Any CPU.Build.0 = Debug|Any CPU
		{992BD689-7684-487D-A90E-F3D0F7C63898}.Release|Any CPU.ActiveCfg = Release|Any CPU
		{992BD689-7684-487D-A90E-F3D0F7C63898}.Release|Any CPU.Build.0 = Release|Any CPU
		{834A4AE9-40B7-44A3-B79F-D7F562E27407}.Debug|Any CPU.ActiveCfg = Debug|Any CPU
		{834A4AE9-40B7-44A3-B79F-D7F562E27407}.Debug|Any CPU.Build.0 = Debug|Any CPU
		{834A4AE9-40B7-44A3-B79F-D7F562E27407}.Release|Any CPU.ActiveCfg = Release|Any CPU
		{834A4AE9-40B7-44A3-B79F-D7F562E27407}.Release|Any CPU.Build.0 = Release|Any CPU
		{D390F536-9A1D-4A72-A56F-17A0F179E0FA}.Debug|Any CPU.ActiveCfg = Debug|Any CPU
		{D390F536-9A1D-4A72-A56F-17A0F179E0FA}.Debug|Any CPU.Build.0 = Debug|Any CPU
		{D390F536-9A1D-4A72-A56F-17A0F179E0FA}.Release|Any CPU.ActiveCfg = Release|Any CPU
		{D390F536-9A1D-4A72-A56F-17A0F179E0FA}.Release|Any CPU.Build.0 = Release|Any CPU
		{74207A85-06E9-4978-A9FF-227C3A07C57E}.Debug|Any CPU.ActiveCfg = Debug|Any CPU
		{74207A85-06E9-4978-A9FF-227C3A07C57E}.Debug|Any CPU.Build.0 = Debug|Any CPU
		{74207A85-06E9-4978-A9FF-227C3A07C57E}.Release|Any CPU.ActiveCfg = Release|Any CPU
		{74207A85-06E9-4978-A9FF-227C3A07C57E}.Release|Any CPU.Build.0 = Release|Any CPU
		{489C3D1A-7A53-49B9-8A76-61226E897E83}.Debug|Any CPU.ActiveCfg = Debug|Any CPU
		{489C3D1A-7A53-49B9-8A76-61226E897E83}.Debug|Any CPU.Build.0 = Debug|Any CPU
		{489C3D1A-7A53-49B9-8A76-61226E897E83}.Release|Any CPU.ActiveCfg = Release|Any CPU
		{489C3D1A-7A53-49B9-8A76-61226E897E83}.Release|Any CPU.Build.0 = Release|Any CPU
		{B025AD38-9A56-40A7-AB48-F91448625190}.Debug|Any CPU.ActiveCfg = Debug|Any CPU
		{B025AD38-9A56-40A7-AB48-F91448625190}.Debug|Any CPU.Build.0 = Debug|Any CPU
		{B025AD38-9A56-40A7-AB48-F91448625190}.Release|Any CPU.ActiveCfg = Release|Any CPU
		{B025AD38-9A56-40A7-AB48-F91448625190}.Release|Any CPU.Build.0 = Release|Any CPU
		{F837BDE2-6955-4C1D-A1E0-C3C63E00A2D4}.Debug|Any CPU.ActiveCfg = Debug|Any CPU
		{F837BDE2-6955-4C1D-A1E0-C3C63E00A2D4}.Debug|Any CPU.Build.0 = Debug|Any CPU
		{F837BDE2-6955-4C1D-A1E0-C3C63E00A2D4}.Release|Any CPU.ActiveCfg = Release|Any CPU
		{F837BDE2-6955-4C1D-A1E0-C3C63E00A2D4}.Release|Any CPU.Build.0 = Release|Any CPU
	EndGlobalSection
	GlobalSection(SolutionProperties) = preSolution
		HideSolutionNode = FALSE
	EndGlobalSection
	GlobalSection(ExtensibilityGlobals) = postSolution
		SolutionGuid = {DE15A850-EDB3-4D7A-A8F0-836E0DDE94C2}
	EndGlobalSection
EndGlobal
